
Microsoft Visual Studio Solution File, Format Version 12.00
# Visual Studio Version 16
VisualStudioVersion = 16.0.30114.105
MinimumVisualStudioVersion = 10.0.40219.1
Project("{9A19103F-16F7-4668-BE54-9A1E7A4F7556}") = "tutor1", "tutor1.csproj", "{B2BF2D1B-9DF1-49D0-9925-B5C4A3C55F15}"
EndProject
Project("{9A19103F-16F7-4668-BE54-9A1E7A4F7556}") = "DotNet.ResponseWrapper.Sample.Library", "..\..\..\..\..\My Documents\Downloads\dotnet-webapi-response-wrapper-sample-main\dotnet-webapi-response-wrapper-sample-main\DotNet.ResponseWrapper.Sample.Library\DotNet.ResponseWrapper.Sample.Library.csproj", "{4EC6D4FF-5675-40C5-8DE6-5BC319E9646F}"
EndProject
Global
	GlobalSection(SolutionConfigurationPlatforms) = preSolution
		Debug|Any CPU = Debug|Any CPU
		Release|Any CPU = Release|Any CPU
	EndGlobalSection
	GlobalSection(ProjectConfigurationPlatforms) = postSolution
		{B2BF2D1B-9DF1-49D0-9925-B5C4A3C55F15}.Debug|Any CPU.ActiveCfg = Debug|Any CPU
		{B2BF2D1B-9DF1-49D0-9925-B5C4A3C55F15}.Debug|Any CPU.Build.0 = Debug|Any CPU
		{B2BF2D1B-9DF1-49D0-9925-B5C4A3C55F15}.Release|Any CPU.ActiveCfg = Release|Any CPU
		{B2BF2D1B-9DF1-49D0-9925-B5C4A3C55F15}.Release|Any CPU.Build.0 = Release|Any CPU
		{4EC6D4FF-5675-40C5-8DE6-5BC319E9646F}.Debug|Any CPU.ActiveCfg = Debug|Any CPU
		{4EC6D4FF-5675-40C5-8DE6-5BC319E9646F}.Debug|Any CPU.Build.0 = Debug|Any CPU
		{4EC6D4FF-5675-40C5-8DE6-5BC319E9646F}.Release|Any CPU.ActiveCfg = Release|Any CPU
		{4EC6D4FF-5675-40C5-8DE6-5BC319E9646F}.Release|Any CPU.Build.0 = Release|Any CPU
	EndGlobalSection
	GlobalSection(SolutionProperties) = preSolution
		HideSolutionNode = FALSE
	EndGlobalSection
	GlobalSection(ExtensibilityGlobals) = postSolution
		SolutionGuid = {8F952191-475B-474C-99EA-AA238C4B48CC}
	EndGlobalSection
EndGlobal
